
Microsoft Visual Studio Solution File, Format Version 12.00
# Visual Studio Version 17
VisualStudioVersion = 17.3.32825.248
MinimumVisualStudioVersion = 10.0.40219.1
Project("{9A19103F-16F7-4668-BE54-9A1E7A4F7556}") = "ConstantsDeduplication", "ConstantsDeduplication\ConstantsDeduplication.csproj", "{1CCB561E-9333-4454-B407-B7D8D51B710C}"
EndProject
Project("{FAE04EC0-301F-11D3-BF4B-00C04F79EFBC}") = "ConstantsDeduplication.Tests", "ConstantsDeduplication.Tests\ConstantsDeduplication.Tests.csproj", "{C244216E-6468-4E9C-BB00-879CF34E67BF}"
EndProject
Global
	GlobalSection(SolutionConfigurationPlatforms) = preSolution
		Debug|Any CPU = Debug|Any CPU
		Release|Any CPU = Release|Any CPU
	EndGlobalSection
	GlobalSection(ProjectConfigurationPlatforms) = postSolution
		{1CCB561E-9333-4454-B407-B7D8D51B710C}.Debug|Any CPU.ActiveCfg = Debug|Any CPU
		{1CCB561E-9333-4454-B407-B7D8D51B710C}.Debug|Any CPU.Build.0 = Debug|Any CPU
		{1CCB561E-9333-4454-B407-B7D8D51B710C}.Release|Any CPU.ActiveCfg = Release|Any CPU
		{1CCB561E-9333-4454-B407-B7D8D51B710C}.Release|Any CPU.Build.0 = Release|Any CPU
		{C244216E-6468-4E9C-BB00-879CF34E67BF}.Debug|Any CPU.ActiveCfg = Debug|Any CPU
		{C244216E-6468-4E9C-BB00-879CF34E67BF}.Debug|Any CPU.Build.0 = Debug|Any CPU
		{C244216E-6468-4E9C-BB00-879CF34E67BF}.Release|Any CPU.ActiveCfg = Release|Any CPU
		{C244216E-6468-4E9C-BB00-879CF34E67BF}.Release|Any CPU.Build.0 = Release|Any CPU
	EndGlobalSection
	GlobalSection(SolutionProperties) = preSolution
		HideSolutionNode = FALSE
	EndGlobalSection
	GlobalSection(ExtensibilityGlobals) = postSolution
		SolutionGuid = {6BD356EE-0E61-4B6F-A5CF-7BCD9193BDAD}
	EndGlobalSection
EndGlobal
